
Microsoft Visual Studio Solution File, Format Version 12.00
# Visual Studio Version 16
VisualStudioVersion = 16.0.32106.194
MinimumVisualStudioVersion = 10.0.40219.1
Project("{FAE04EC0-301F-11D3-BF4B-00C04F79EFBC}") = "Register number", "Register number.csproj", "{689E5670-B1AF-45AC-929F-7E791F480600}"
EndProject
Global
	GlobalSection(SolutionConfigurationPlatforms) = preSolution
		Debug|Any CPU = Debug|Any CPU
		Release|Any CPU = Release|Any CPU
	EndGlobalSection
	GlobalSection(ProjectConfigurationPlatforms) = postSolution
		{689E5670-B1AF-45AC-929F-7E791F480600}.Debug|Any CPU.ActiveCfg = Debug|Any CPU
		{689E5670-B1AF-45AC-929F-7E791F480600}.Debug|Any CPU.Build.0 = Debug|Any CPU
		{689E5670-B1AF-45AC-929F-7E791F480600}.Release|Any CPU.ActiveCfg = Release|Any CPU
		{689E5670-B1AF-45AC-929F-7E791F480600}.Release|Any CPU.Build.0 = Release|Any CPU
	EndGlobalSection
	GlobalSection(SolutionProperties) = preSolution
		HideSolutionNode = FALSE
	EndGlobalSection
	GlobalSection(ExtensibilityGlobals) = postSolution
		SolutionGuid = {01B63630-5D42-4E34-8445-6F9EDDC74083}
	EndGlobalSection
EndGlobal
