
Microsoft Visual Studio Solution File, Format Version 12.00
# Visual Studio Version 16
VisualStudioVersion = 16.0.32106.194
MinimumVisualStudioVersion = 10.0.40219.1
Project("{FAE04EC0-301F-11D3-BF4B-00C04F79EFBC}") = "frequency", "frequency.csproj", "{3BB36643-27F9-4D83-BDAB-235FCF48A73D}"
EndProject
Global
	GlobalSection(SolutionConfigurationPlatforms) = preSolution
		Debug|Any CPU = Debug|Any CPU
		Release|Any CPU = Release|Any CPU
	EndGlobalSection
	GlobalSection(ProjectConfigurationPlatforms) = postSolution
		{3BB36643-27F9-4D83-BDAB-235FCF48A73D}.Debug|Any CPU.ActiveCfg = Debug|Any CPU
		{3BB36643-27F9-4D83-BDAB-235FCF48A73D}.Debug|Any CPU.Build.0 = Debug|Any CPU
		{3BB36643-27F9-4D83-BDAB-235FCF48A73D}.Release|Any CPU.ActiveCfg = Release|Any CPU
		{3BB36643-27F9-4D83-BDAB-235FCF48A73D}.Release|Any CPU.Build.0 = Release|Any CPU
	EndGlobalSection
	GlobalSection(SolutionProperties) = preSolution
		HideSolutionNode = FALSE
	EndGlobalSection
	GlobalSection(ExtensibilityGlobals) = postSolution
		SolutionGuid = {F46532B2-DBC3-4F89-A4A0-DA1E90F2C927}
	EndGlobalSection
EndGlobal
